
Microsoft Visual Studio Solution File, Format Version 12.00
# Visual Studio Version 17
VisualStudioVersion = 17.3.32819.101
MinimumVisualStudioVersion = 10.0.40219.1
Project("{8BC9CEB8-8B4A-11D0-8D11-00A0C91BC942}") = "1-ProjetAffichage", "1-ProjetAffichage\1-ProjetAffichage.vcxproj", "{A2FB384A-BE97-47CA-8A60-4DFAC91D179B}"
EndProject
Project("{8BC9CEB8-8B4A-11D0-8D11-00A0C91BC942}") = "2-ProjetVariables", "2-ProjetVariables\2-ProjetVariables.vcxproj", "{EF995405-6963-4786-A34D-EFE346455087}"
EndProject
Global
	GlobalSection(SolutionConfigurationPlatforms) = preSolution
		Debug|x64 = Debug|x64
		Debug|x86 = Debug|x86
		Release|x64 = Release|x64
		Release|x86 = Release|x86
	EndGlobalSection
	GlobalSection(ProjectConfigurationPlatforms) = postSolution
		{A2FB384A-BE97-47CA-8A60-4DFAC91D179B}.Debug|x64.ActiveCfg = Debug|x64
		{A2FB384A-BE97-47CA-8A60-4DFAC91D179B}.Debug|x64.Build.0 = Debug|x64
		{A2FB384A-BE97-47CA-8A60-4DFAC91D179B}.Debug|x86.ActiveCfg = Debug|Win32
		{A2FB384A-BE97-47CA-8A60-4DFAC91D179B}.Debug|x86.Build.0 = Debug|Win32
		{A2FB384A-BE97-47CA-8A60-4DFAC91D179B}.Release|x64.ActiveCfg = Release|x64
		{A2FB384A-BE97-47CA-8A60-4DFAC91D179B}.Release|x64.Build.0 = Release|x64
		{A2FB384A-BE97-47CA-8A60-4DFAC91D179B}.Release|x86.ActiveCfg = Release|Win32
		{A2FB384A-BE97-47CA-8A60-4DFAC91D179B}.Release|x86.Build.0 = Release|Win32
		{EF995405-6963-4786-A34D-EFE346455087}.Debug|x64.ActiveCfg = Debug|x64
		{EF995405-6963-4786-A34D-EFE346455087}.Debug|x64.Build.0 = Debug|x64
		{EF995405-6963-4786-A34D-EFE346455087}.Debug|x86.ActiveCfg = Debug|Win32
		{EF995405-6963-4786-A34D-EFE346455087}.Debug|x86.Build.0 = Debug|Win32
		{EF995405-6963-4786-A34D-EFE346455087}.Release|x64.ActiveCfg = Release|x64
		{EF995405-6963-4786-A34D-EFE346455087}.Release|x64.Build.0 = Release|x64
		{EF995405-6963-4786-A34D-EFE346455087}.Release|x86.ActiveCfg = Release|Win32
		{EF995405-6963-4786-A34D-EFE346455087}.Release|x86.Build.0 = Release|Win32
	EndGlobalSection
	GlobalSection(SolutionProperties) = preSolution
		HideSolutionNode = FALSE
	EndGlobalSection
	GlobalSection(ExtensibilityGlobals) = postSolution
		SolutionGuid = {0CF30451-2318-45AB-AC68-DA23500DB211}
	EndGlobalSection
EndGlobal
